{
  "name": "ehr-template-react-generator",
  "version": "0.0.1",
  "lockfileVersion": 1,
  "requires": true,
  "dependencies": {
    "accessible-autocomplete": {
      "version": "2.0.2",
      "resolved": "https://registry.npmjs.org/accessible-autocomplete/-/accessible-autocomplete-2.0.2.tgz",
      "integrity": "sha512-cdA4O4u1xmefZuAdtL+0VBnDivdapgIZRQjm0E1bcekHnH5h67Vt1QL79NqPtlAn+6lyrR+H+pbnYVvUOJ1ULQ==",
      "requires": {
        "preact": "^8.3.1"
      }
    },
    "classnames": {
      "version": "2.2.6",
      "resolved": "https://registry.npmjs.org/classnames/-/classnames-2.2.6.tgz",
      "integrity": "sha512-JR/iSQOSt+LQIWwrwEzJ9uk0xfN3mTVYMwt1Ir5mUcSN6pU+V4zQFFaJsclJbPuAUQH+yfWef6tm7l1quW3C8Q=="
    },
    "formsy-react": {
      "version": "2.0.2",
      "resolved": "https://registry.npmjs.org/formsy-react/-/formsy-react-2.0.2.tgz",
      "integrity": "sha512-KER+im2fDWS3OOiRdGu3PvRurk8edAXhpiFQvZk4F+hqnhZu3WjVYViE3gla+2WN2NXNq+DDARiS6yjuKnAmkA==",
      "requires": {
        "lodash.get": "^4.4.2",
        "lodash.has": "^4.5.2",
        "lodash.isplainobject": "^4.0.6",
        "lodash.set": "^4.3.2",
        "prop-types": "^15.7.2"
      }
    },
    "formsy-react-components": {
      "version": "2.0.0-beta.5",
      "resolved": "https://registry.npmjs.org/formsy-react-components/-/formsy-react-components-2.0.0-beta.5.tgz",
      "integrity": "sha512-6ioiGb2bPsSF9Ju5YEpsbPEHhnAe/pgOr9IDZsfJ6wxXotTvSmHx83mBxhDCTt7v7dQbJyBu7EtJVC4gTFB0uA==",
      "requires": {
        "classnames": "^2.2.5"
      }
    },
    "js-tokens": {
      "version": "4.0.0",
      "resolved": "https://registry.npmjs.org/js-tokens/-/js-tokens-4.0.0.tgz",
      "integrity": "sha512-RdJUflcE3cUzKiMqQgsCu06FPu9UdIJO0beYbPhHN4k6apgJtifcoCtT9bcxOpYBtpD2kCM6Sbzg4CausW/PKQ=="
    },
    "lodash.get": {
      "version": "4.4.2",
      "resolved": "https://registry.npmjs.org/lodash.get/-/lodash.get-4.4.2.tgz",
      "integrity": "sha1-LRd/ZS+jHpObRDjVNBSZ36OCXpk="
    },
    "lodash.has": {
      "version": "4.5.2",
      "resolved": "https://registry.npmjs.org/lodash.has/-/lodash.has-4.5.2.tgz",
      "integrity": "sha1-0Z9NwQlQWMzL4rDN9O4P5Ko3yGI="
    },
    "lodash.isplainobject": {
      "version": "4.0.6",
      "resolved": "https://registry.npmjs.org/lodash.isplainobject/-/lodash.isplainobject-4.0.6.tgz",
      "integrity": "sha1-fFJqUtibRcRcxpC4gWO+BJf1UMs="
    },
    "lodash.set": {
      "version": "4.3.2",
      "resolved": "https://registry.npmjs.org/lodash.set/-/lodash.set-4.3.2.tgz",
      "integrity": "sha1-2HV7HagH3eJIFrDWqEvqGnYjCyM="
    },
    "loose-envify": {
      "version": "1.4.0",
      "resolved": "https://registry.npmjs.org/loose-envify/-/loose-envify-1.4.0.tgz",
      "integrity": "sha512-lyuxPGr/Wfhrlem2CL/UcnUc1zcqKAImBDzukY7Y5F/yQiNdko6+fRLevlw1HgMySw7f611UIY408EtxRSoK3Q==",
      "requires": {
        "js-tokens": "^3.0.0 || ^4.0.0"
      }
    },
    "nhsuk-frontend": {
      "version": "3.0.3",
      "resolved": "https://registry.npmjs.org/nhsuk-frontend/-/nhsuk-frontend-3.0.3.tgz",
      "integrity": "sha512-Uf8IjRpeOJ9VBXHOkWwt1Kbln7zrKadqXasmevH9F11UWnkDm3DrokU1W0rqSq1njkXxM5Ii/ZVEn0NKDTl3qg==",
      "requires": {
        "accessible-autocomplete": "^2.0.2",
        "sass-mq": "^5.0.1"
      }
    },
    "object-assign": {
      "version": "4.1.1",
      "resolved": "https://registry.npmjs.org/object-assign/-/object-assign-4.1.1.tgz",
      "integrity": "sha1-IQmtx5ZYh8/AXLvUQsrIv7s2CGM="
    },
    "preact": {
      "version": "8.5.3",
      "resolved": "https://registry.npmjs.org/preact/-/preact-8.5.3.tgz",
      "integrity": "sha512-O3kKP+1YdgqHOFsZF2a9JVdtqD+RPzCQc3rP+Ualf7V6rmRDchZ9MJbiGTT7LuyqFKZqlHSOyO/oMFmI2lVTsw=="
    },
    "prop-types": {
      "version": "15.7.2",
      "resolved": "https://registry.npmjs.org/prop-types/-/prop-types-15.7.2.tgz",
      "integrity": "sha512-8QQikdH7//R2vurIJSutZ1smHYTcLpRWEOlHnzcWHmBYrOGUysKwSsrC89BCiFj3CbrfJ/nXFdJepOVrY1GCHQ==",
      "requires": {
        "loose-envify": "^1.4.0",
        "object-assign": "^4.1.1",
        "react-is": "^16.8.1"
      }
    },
    "react-is": {
      "version": "16.13.1",
      "resolved": "https://registry.npmjs.org/react-is/-/react-is-16.13.1.tgz",
      "integrity": "sha512-24e6ynE2H+OKt4kqsOvNd8kBpV65zoxbA4BVsEOB3ARVWQki/DHzaUoC5KuON/BiccDaCCTZBuOcfZs70kR8bQ=="
    },
    "sass-mq": {
      "version": "5.0.1",
      "resolved": "https://registry.npmjs.org/sass-mq/-/sass-mq-5.0.1.tgz",
      "integrity": "sha512-ugSVZO5fzasSFrGfKCtY02spnkOOfo9U9sXuzCuSXoCl1CgcoqdJRdNmigZkhvRVph1GKM6o0pgI00Jjc445CA=="
    }
  }
}
